<?xml version="1.0" encoding="utf-8"?>
<Project ToolsVersion="4.0" xmlns="http://schemas.microsoft.com/developer/msbuild/2003">
  <ItemGroup>
    <Filter Include="Source Files">
      <UniqueIdentifier>{ba4acffc-3700-474b-a20f-cb3410110722}</UniqueIdentifier>
      <Extensions>cpp;c;cxx;rc;def;r;odl;hpj;bat;for;f90</Extensions>
    </Filter>
    <Filter Include="Header Files">
      <UniqueIdentifier>{68535ed4-2b04-4355-90f7-598664e897e9}</UniqueIdentifier>
      <Extensions>h;hpp;hxx;hm;inl;fi;fd</Extensions>
    </Filter>
  </ItemGroup>
  <ItemGroup>
    <ClCompile Include="common\avikit.c">
      <Filter>Source Files</Filter>
    </ClCompile>
    <ClCompile Include="common\build.c">
      <Filter>Source Files</Filter>
    </ClCompile>
    <ClCompile Include="common\cfgscript.c">
      <Filter>Source Files</Filter>
    </ClCompile>
    <ClCompile Include="client\cl_cmds.c">
      <Filter>Source Files</Filter>
    </ClCompile>
    <ClCompile Include="client\cl_custom.c">
      <Filter>Source Files</Filter>
    </ClCompile>
    <ClCompile Include="client\cl_debug.c">
      <Filter>Source Files</Filter>
    </ClCompile>
    <ClCompile Include="client\cl_demo.c">
      <Filter>Source Files</Filter>
    </ClCompile>
    <ClCompile Include="client\cl_events.c">
      <Filter>Source Files</Filter>
    </ClCompile>
    <ClCompile Include="client\cl_frame.c">
      <Filter>Source Files</Filter>
    </ClCompile>
    <ClCompile Include="client\cl_game.c">
      <Filter>Source Files</Filter>
    </ClCompile>
    <ClCompile Include="client\cl_gameui.c">
      <Filter>Source Files</Filter>
    </ClCompile>
    <ClCompile Include="client\cl_main.c">
      <Filter>Source Files</Filter>
    </ClCompile>
    <ClCompile Include="client\cl_netgraph.c">
      <Filter>Source Files</Filter>
    </ClCompile>
    <ClCompile Include="client\cl_parse.c">
      <Filter>Source Files</Filter>
    </ClCompile>
    <ClCompile Include="client\cl_pmove.c">
      <Filter>Source Files</Filter>
    </ClCompile>
    <ClCompile Include="client\cl_qparse.c">
      <Filter>Source Files</Filter>
    </ClCompile>
    <ClCompile Include="client\cl_remap.c">
      <Filter>Source Files</Filter>
    </ClCompile>
    <ClCompile Include="client\cl_scrn.c">
      <Filter>Source Files</Filter>
    </ClCompile>
    <ClCompile Include="client\cl_tent.c">
      <Filter>Source Files</Filter>
    </ClCompile>
    <ClCompile Include="client\cl_video.c">
      <Filter>Source Files</Filter>
    </ClCompile>
    <ClCompile Include="client\cl_view.c">
      <Filter>Source Files</Filter>
    </ClCompile>
    <ClCompile Include="common\cmd.c">
      <Filter>Source Files</Filter>
    </ClCompile>
    <ClCompile Include="common\common.c">
      <Filter>Source Files</Filter>
    </ClCompile>
    <ClCompile Include="common\con_utils.c">
      <Filter>Source Files</Filter>
    </ClCompile>
    <ClCompile Include="common\console.c">
      <Filter>Source Files</Filter>
    </ClCompile>
    <ClCompile Include="common\crclib.c">
      <Filter>Source Files</Filter>
    </ClCompile>
    <ClCompile Include="common\crtlib.c">
      <Filter>Source Files</Filter>
    </ClCompile>
    <ClCompile Include="common\custom.c">
      <Filter>Source Files</Filter>
    </ClCompile>
    <ClCompile Include="common\cvar.c">
      <Filter>Source Files</Filter>
    </ClCompile>
    <ClCompile Include="common\filesystem.c">
      <Filter>Source Files</Filter>
    </ClCompile>
    <ClCompile Include="common\gamma.c">
      <Filter>Source Files</Filter>
    </ClCompile>
    <ClCompile Include="client\gl_alias.c">
      <Filter>Source Files</Filter>
    </ClCompile>
    <ClCompile Include="client\gl_backend.c">
      <Filter>Source Files</Filter>
    </ClCompile>
    <ClCompile Include="client\gl_beams.c">
      <Filter>Source Files</Filter>
    </ClCompile>
    <ClCompile Include="client\gl_cull.c">
      <Filter>Source Files</Filter>
    </ClCompile>
    <ClCompile Include="client\gl_decals.c">
      <Filter>Source Files</Filter>
    </ClCompile>
    <ClCompile Include="client\gl_draw.c">
      <Filter>Source Files</Filter>
    </ClCompile>
    <ClCompile Include="client\gl_frustum.c">
      <Filter>Source Files</Filter>
    </ClCompile>
    <ClCompile Include="client\gl_image.c">
      <Filter>Source Files</Filter>
    </ClCompile>
    <ClCompile Include="client\gl_refrag.c">
      <Filter>Source Files</Filter>
    </ClCompile>
    <ClCompile Include="client\gl_rlight.c">
      <Filter>Source Files</Filter>
    </ClCompile>
    <ClCompile Include="client\gl_rmain.c">
      <Filter>Source Files</Filter>
    </ClCompile>
    <ClCompile Include="client\gl_rmath.c">
      <Filter>Source Files</Filter>
    </ClCompile>
    <ClCompile Include="client\gl_rmisc.c">
      <Filter>Source Files</Filter>
    </ClCompile>
    <ClCompile Include="client\gl_rpart.c">
      <Filter>Source Files</Filter>
    </ClCompile>
    <ClCompile Include="client\gl_rsurf.c">
      <Filter>Source Files</Filter>
    </ClCompile>
    <ClCompile Include="client\gl_sprite.c">
      <Filter>Source Files</Filter>
    </ClCompile>
    <ClCompile Include="client\gl_studio.c">
      <Filter>Source Files</Filter>
    </ClCompile>
    <ClCompile Include="client\gl_vidnt.c">
      <Filter>Source Files</Filter>
    </ClCompile>
    <ClCompile Include="client\gl_warp.c">
      <Filter>Source Files</Filter>
    </ClCompile>
    <ClCompile Include="common\host.c">
      <Filter>Source Files</Filter>
    </ClCompile>
    <ClCompile Include="common\host_state.c">
      <Filter>Source Files</Filter>
    </ClCompile>
    <ClCompile Include="common\hpak.c">
      <Filter>Source Files</Filter>
    </ClCompile>
    <ClCompile Include="common\imagelib\img_bmp.c">
      <Filter>Source Files</Filter>
    </ClCompile>
    <ClCompile Include="common\imagelib\img_dds.c">
      <Filter>Source Files</Filter>
    </ClCompile>
    <ClCompile Include="common\imagelib\img_main.c">
      <Filter>Source Files</Filter>
    </ClCompile>
    <ClCompile Include="common\imagelib\img_quant.c">
      <Filter>Source Files</Filter>
    </ClCompile>
    <ClCompile Include="common\imagelib\img_tga.c">
      <Filter>Source Files</Filter>
    </ClCompile>
    <ClCompile Include="common\imagelib\img_utils.c">
      <Filter>Source Files</Filter>
    </ClCompile>
    <ClCompile Include="common\imagelib\img_wad.c">
      <Filter>Source Files</Filter>
    </ClCompile>
    <ClCompile Include="common\infostring.c">
      <Filter>Source Files</Filter>
    </ClCompile>
    <ClCompile Include="common\input.c">
      <Filter>Source Files</Filter>
    </ClCompile>
    <ClCompile Include="common\keys.c">
      <Filter>Source Files</Filter>
    </ClCompile>
    <ClCompile Include="common\library.c">
      <Filter>Source Files</Filter>
    </ClCompile>
    <ClCompile Include="common\mathlib.c">
      <Filter>Source Files</Filter>
    </ClCompile>
    <ClCompile Include="common\matrixlib.c">
      <Filter>Source Files</Filter>
    </ClCompile>
    <ClCompile Include="common\mod_bmodel.c">
      <Filter>Source Files</Filter>
    </ClCompile>
    <ClCompile Include="common\mod_dbghulls.c">
      <Filter>Source Files</Filter>
    </ClCompile>
    <ClCompile Include="common\mod_studio.c">
      <Filter>Source Files</Filter>
    </ClCompile>
    <ClCompile Include="common\model.c">
      <Filter>Source Files</Filter>
    </ClCompile>
    <ClCompile Include="common\net_buffer.c">
      <Filter>Source Files</Filter>
    </ClCompile>
    <ClCompile Include="common\net_chan.c">
      <Filter>Source Files</Filter>
    </ClCompile>
    <ClCompile Include="common\net_encode.c">
      <Filter>Source Files</Filter>
    </ClCompile>
    <ClCompile Include="common\net_ws.c">
      <Filter>Source Files</Filter>
    </ClCompile>
    <ClCompile Include="common\pm_debug.c">
      <Filter>Source Files</Filter>
    </ClCompile>
    <ClCompile Include="common\pm_surface.c">
      <Filter>Source Files</Filter>
    </ClCompile>
    <ClCompile Include="common\pm_trace.c">
      <Filter>Source Files</Filter>
    </ClCompile>
    <ClCompile Include="client\s_backend.c">
      <Filter>Source Files</Filter>
    </ClCompile>
    <ClCompile Include="client\s_dsp.c">
      <Filter>Source Files</Filter>
    </ClCompile>
    <ClCompile Include="client\s_load.c">
      <Filter>Source Files</Filter>
    </ClCompile>
    <ClCompile Include="client\s_main.c">
      <Filter>Source Files</Filter>
    </ClCompile>
    <ClCompile Include="client\s_mix.c">
      <Filter>Source Files</Filter>
    </ClCompile>
    <ClCompile Include="client\s_mouth.c">
      <Filter>Source Files</Filter>
    </ClCompile>
    <ClCompile Include="client\s_stream.c">
      <Filter>Source Files</Filter>
    </ClCompile>
    <ClCompile Include="client\s_utils.c">
      <Filter>Source Files</Filter>
    </ClCompile>
    <ClCompile Include="client\s_vox.c">
      <Filter>Source Files</Filter>
    </ClCompile>
    <ClCompile Include="common\soundlib\snd_main.c">
      <Filter>Source Files</Filter>
    </ClCompile>
    <ClCompile Include="common\soundlib\snd_mp3.c">
      <Filter>Source Files</Filter>
    </ClCompile>
    <ClCompile Include="common\soundlib\snd_utils.c">
      <Filter>Source Files</Filter>
    </ClCompile>
    <ClCompile Include="common\soundlib\snd_wav.c">
      <Filter>Source Files</Filter>
    </ClCompile>
    <ClCompile Include="server\sv_client.c">
      <Filter>Source Files</Filter>
    </ClCompile>
    <ClCompile Include="server\sv_cmds.c">
      <Filter>Source Files</Filter>
    </ClCompile>
    <ClCompile Include="server\sv_custom.c">
      <Filter>Source Files</Filter>
    </ClCompile>
    <ClCompile Include="server\sv_frame.c">
      <Filter>Source Files</Filter>
    </ClCompile>
    <ClCompile Include="server\sv_game.c">
      <Filter>Source Files</Filter>
    </ClCompile>
    <ClCompile Include="server\sv_init.c">
      <Filter>Source Files</Filter>
    </ClCompile>
    <ClCompile Include="server\sv_log.c">
      <Filter>Source Files</Filter>
    </ClCompile>
    <ClCompile Include="server\sv_main.c">
      <Filter>Source Files</Filter>
    </ClCompile>
    <ClCompile Include="server\sv_move.c">
      <Filter>Source Files</Filter>
    </ClCompile>
    <ClCompile Include="server\sv_phys.c">
      <Filter>Source Files</Filter>
    </ClCompile>
    <ClCompile Include="server\sv_pmove.c">
      <Filter>Source Files</Filter>
    </ClCompile>
    <ClCompile Include="server\sv_save.c">
      <Filter>Source Files</Filter>
    </ClCompile>
    <ClCompile Include="server\sv_world.c">
      <Filter>Source Files</Filter>
    </ClCompile>
    <ClCompile Include="common\sys_con.c">
      <Filter>Source Files</Filter>
    </ClCompile>
    <ClCompile Include="common\sys_win.c">
      <Filter>Source Files</Filter>
    </ClCompile>
    <ClCompile Include="common\titles.c">
      <Filter>Source Files</Filter>
    </ClCompile>
    <ClCompile Include="client\vgui\vgui_clip.cpp">
      <Filter>Source Files</Filter>
    </ClCompile>
    <ClCompile Include="client\vgui\vgui_draw.c">
      <Filter>Source Files</Filter>
    </ClCompile>
    <ClCompile Include="client\vgui\vgui_input.cpp">
      <Filter>Source Files</Filter>
    </ClCompile>
    <ClCompile Include="client\vgui\vgui_int.cpp">
      <Filter>Source Files</Filter>
    </ClCompile>
    <ClCompile Include="client\vgui\vgui_surf.cpp">
      <Filter>Source Files</Filter>
    </ClCompile>
    <ClCompile Include="common\world.c">
      <Filter>Source Files</Filter>
    </ClCompile>
    <ClCompile Include="common\zone.c">
      <Filter>Source Files</Filter>
    </ClCompile>
    <ClCompile Include="client\gl_mirror.c">
      <Filter>Source Files</Filter>
    </ClCompile>
    <ClCompile Include="gl_smear.c">
      <Filter>Source Files</Filter>
    </ClCompile>
  </ItemGroup>
  <ItemGroup>
    <ClInclude Include="client\cl_tent.h">
      <Filter>Header Files</Filter>
    </ClInclude>
    <ClInclude Include="client\client.h">
      <Filter>Header Files</Filter>
    </ClInclude>
    <ClInclude Include="common\com_strings.h">
      <Filter>Header Files</Filter>
    </ClInclude>
    <ClInclude Include="common\common.h">
      <Filter>Header Files</Filter>
    </ClInclude>
    <ClInclude Include="common\crtlib.h">
      <Filter>Header Files</Filter>
    </ClInclude>
    <ClInclude Include="common\filesystem.h">
      <Filter>Header Files</Filter>
    </ClInclude>
    <ClInclude Include="client\gl_export.h">
      <Filter>Header Files</Filter>
    </ClInclude>
    <ClInclude Include="client\gl_frustum.h">
      <Filter>Header Files</Filter>
    </ClInclude>
    <ClInclude Include="client\gl_local.h">
      <Filter>Header Files</Filter>
    </ClInclude>
    <ClInclude Include="common\imagelib\imagelib.h">
      <Filter>Header Files</Filter>
    </ClInclude>
    <ClInclude Include="common\library.h">
      <Filter>Header Files</Filter>
    </ClInclude>
    <ClInclude Include="common\mathlib.h">
      <Filter>Header Files</Filter>
    </ClInclude>
    <ClInclude Include="common\mod_local.h">
      <Filter>Header Files</Filter>
    </ClInclude>
    <ClInclude Include="common\net_buffer.h">
      <Filter>Header Files</Filter>
    </ClInclude>
    <ClInclude Include="common\net_encode.h">
      <Filter>Header Files</Filter>
    </ClInclude>
    <ClInclude Include="common\protocol.h">
      <Filter>Header Files</Filter>
    </ClInclude>
    <ClInclude Include="server\server.h">
      <Filter>Header Files</Filter>
    </ClInclude>
    <ClInclude Include="client\sound.h">
      <Filter>Header Files</Filter>
    </ClInclude>
    <ClInclude Include="common\soundlib\soundlib.h">
      <Filter>Header Files</Filter>
    </ClInclude>
    <ClInclude Include="client\vgui\vgui_draw.h">
      <Filter>Header Files</Filter>
    </ClInclude>
    <ClInclude Include="client\vgui\vgui_main.h">
      <Filter>Header Files</Filter>
    </ClInclude>
    <ClInclude Include="client\vox.h">
      <Filter>Header Files</Filter>
    </ClInclude>
    <ClInclude Include="common\world.h">
      <Filter>Header Files</Filter>
    </ClInclude>
  </ItemGroup>
</Project>