<?xml version="1.0" encoding="utf-8"?>
<Project ToolsVersion="4.0" xmlns="http://schemas.microsoft.com/developer/msbuild/2003">
  <ItemGroup>
    <Filter Include="Source Files">
      <UniqueIdentifier>{7e4e7063-0450-40c7-aa9d-000d37821812}</UniqueIdentifier>
      <Extensions>cpp;c;cxx;rc;def;r;odl;idl;hpj;bat</Extensions>
    </Filter>
    <Filter Include="Header Files">
      <UniqueIdentifier>{3021eff0-6ee4-457a-8fe7-b092099b18f1}</UniqueIdentifier>
      <Extensions>h;hpp;hxx;hm;inl</Extensions>
    </Filter>
  </ItemGroup>
  <ItemGroup>
    <ClCompile Include="basemenu.cpp">
      <Filter>Source Files</Filter>
    </ClCompile>
    <ClCompile Include="menu_advcontrols.cpp">
      <Filter>Source Files</Filter>
    </ClCompile>
    <ClCompile Include="menu_audio.cpp">
      <Filter>Source Files</Filter>
    </ClCompile>
    <ClCompile Include="menu_btns.cpp">
      <Filter>Source Files</Filter>
    </ClCompile>
    <ClCompile Include="menu_configuration.cpp">
      <Filter>Source Files</Filter>
    </ClCompile>
    <ClCompile Include="menu_controls.cpp">
      <Filter>Source Files</Filter>
    </ClCompile>
    <ClCompile Include="menu_creategame.cpp">
      <Filter>Source Files</Filter>
    </ClCompile>
    <ClCompile Include="menu_credits.cpp">
      <Filter>Source Files</Filter>
    </ClCompile>
    <ClCompile Include="menu_customgame.cpp">
      <Filter>Source Files</Filter>
    </ClCompile>
    <ClCompile Include="menu_gameoptions.cpp">
      <Filter>Source Files</Filter>
    </ClCompile>
    <ClCompile Include="menu_internetgames.cpp">
      <Filter>Source Files</Filter>
    </ClCompile>
    <ClCompile Include="menu_langame.cpp">
      <Filter>Source Files</Filter>
    </ClCompile>
    <ClCompile Include="menu_loadgame.cpp">
      <Filter>Source Files</Filter>
    </ClCompile>
    <ClCompile Include="menu_main.cpp">
      <Filter>Source Files</Filter>
    </ClCompile>
    <ClCompile Include="menu_multiplayer.cpp">
      <Filter>Source Files</Filter>
    </ClCompile>
    <ClCompile Include="menu_newgame.cpp">
      <Filter>Source Files</Filter>
    </ClCompile>
    <ClCompile Include="menu_playersetup.cpp">
      <Filter>Source Files</Filter>
    </ClCompile>
    <ClCompile Include="menu_savegame.cpp">
      <Filter>Source Files</Filter>
    </ClCompile>
    <ClCompile Include="menu_saveload.cpp">
      <Filter>Source Files</Filter>
    </ClCompile>
    <ClCompile Include="menu_strings.cpp">
      <Filter>Source Files</Filter>
    </ClCompile>
    <ClCompile Include="menu_video.cpp">
      <Filter>Source Files</Filter>
    </ClCompile>
    <ClCompile Include="menu_vidmodes.cpp">
      <Filter>Source Files</Filter>
    </ClCompile>
    <ClCompile Include="menu_vidoptions.cpp">
      <Filter>Source Files</Filter>
    </ClCompile>
    <ClCompile Include="udll_int.cpp">
      <Filter>Source Files</Filter>
    </ClCompile>
    <ClCompile Include="ui_title_anim.cpp">
      <Filter>Source Files</Filter>
    </ClCompile>
    <ClCompile Include="utils.cpp">
      <Filter>Source Files</Filter>
    </ClCompile>
  </ItemGroup>
  <ItemGroup>
    <ClInclude Include="basemenu.h">
      <Filter>Header Files</Filter>
    </ClInclude>
    <ClInclude Include="enginecallback.h">
      <Filter>Header Files</Filter>
    </ClInclude>
    <ClInclude Include="extdll.h">
      <Filter>Header Files</Filter>
    </ClInclude>
    <ClInclude Include="menu_btnsbmp_table.h">
      <Filter>Header Files</Filter>
    </ClInclude>
    <ClInclude Include="menu_strings.h">
      <Filter>Header Files</Filter>
    </ClInclude>
    <ClInclude Include="menufont.H">
      <Filter>Header Files</Filter>
    </ClInclude>
    <ClInclude Include="ui_title_anim.h">
      <Filter>Header Files</Filter>
    </ClInclude>
    <ClInclude Include="utils.h">
      <Filter>Header Files</Filter>
    </ClInclude>
  </ItemGroup>
</Project>