<?xml version="1.0" encoding="utf-8"?>
<Project ToolsVersion="4.0" xmlns="http://schemas.microsoft.com/developer/msbuild/2003">
  <ItemGroup>
    <Filter Include="Source Files">
      <UniqueIdentifier>{312cc293-5793-4ab5-a2a6-19e30a639abd}</UniqueIdentifier>
      <Extensions>cpp;c;cxx;rc;def;r;odl;idl;hpj;bat;for;f90</Extensions>
    </Filter>
    <Filter Include="Header Files">
      <UniqueIdentifier>{a014de5f-06fa-4743-b315-553e948853b4}</UniqueIdentifier>
      <Extensions>h;hpp;hxx;hm;inl;fi;fd</Extensions>
    </Filter>
    <Filter Include="Resource Files">
      <UniqueIdentifier>{f8940023-3bcd-420d-b465-900c6fec3816}</UniqueIdentifier>
      <Extensions>ico;cur;bmp;dlg;rc2;rct;bin;cnt;rtf;gif;jpg;jpeg;jpe</Extensions>
    </Filter>
    <Filter Include="Source Files\pm">
      <UniqueIdentifier>{1c66d6a5-0ae1-4795-824a-444a49305b3b}</UniqueIdentifier>
    </Filter>
    <Filter Include="Source Files\monsters">
      <UniqueIdentifier>{a206f429-bd0e-4db7-873b-a573e6932b0e}</UniqueIdentifier>
    </Filter>
    <Filter Include="Source Files\gamerules">
      <UniqueIdentifier>{6bc9845e-bcfd-4877-a527-73304c1fc6c0}</UniqueIdentifier>
    </Filter>
    <Filter Include="Header Files\pm">
      <UniqueIdentifier>{98baea10-ebf6-489e-8538-4a3cb05c75ba}</UniqueIdentifier>
    </Filter>
    <Filter Include="Source Files\wolf">
      <UniqueIdentifier>{cc04d406-8e91-4e2b-8f61-23fc345258ef}</UniqueIdentifier>
    </Filter>
    <Filter Include="Source Files\env">
      <UniqueIdentifier>{23cc2019-c43b-4a78-a405-ee4749b9328d}</UniqueIdentifier>
    </Filter>
    <Filter Include="Header Files\env">
      <UniqueIdentifier>{49d4cac3-02cc-44fb-92ab-8948d24a60b2}</UniqueIdentifier>
    </Filter>
    <Filter Include="Header Files\monsters">
      <UniqueIdentifier>{c4a8c29d-8fea-4ddb-b534-9d31e3a8485b}</UniqueIdentifier>
    </Filter>
  </ItemGroup>
  <ItemGroup>
    <ClCompile Include="bmodels.cpp">
      <Filter>Source Files</Filter>
    </ClCompile>
    <ClCompile Include="buttons.cpp">
      <Filter>Source Files</Filter>
    </ClCompile>
    <ClCompile Include="cbase.cpp">
      <Filter>Source Files</Filter>
    </ClCompile>
    <ClCompile Include="client.cpp">
      <Filter>Source Files</Filter>
    </ClCompile>
    <ClCompile Include="combat.cpp">
      <Filter>Source Files</Filter>
    </ClCompile>
    <ClCompile Include="dll_int.cpp">
      <Filter>Source Files</Filter>
    </ClCompile>
    <ClCompile Include="doors.cpp">
      <Filter>Source Files</Filter>
    </ClCompile>
    <ClCompile Include="globals.cpp">
      <Filter>Source Files</Filter>
    </ClCompile>
    <ClCompile Include="items.cpp">
      <Filter>Source Files</Filter>
    </ClCompile>
    <ClCompile Include="lights.cpp">
      <Filter>Source Files</Filter>
    </ClCompile>
    <ClCompile Include="misc.cpp">
      <Filter>Source Files</Filter>
    </ClCompile>
    <ClCompile Include="physics.cpp">
      <Filter>Source Files</Filter>
    </ClCompile>
    <ClCompile Include="plats.cpp">
      <Filter>Source Files</Filter>
    </ClCompile>
    <ClCompile Include="player.cpp">
      <Filter>Source Files</Filter>
    </ClCompile>
    <ClCompile Include="saverestore.cpp">
      <Filter>Source Files</Filter>
    </ClCompile>
    <ClCompile Include="sound.cpp">
      <Filter>Source Files</Filter>
    </ClCompile>
    <ClCompile Include="subs.cpp">
      <Filter>Source Files</Filter>
    </ClCompile>
    <ClCompile Include="triggers.cpp">
      <Filter>Source Files</Filter>
    </ClCompile>
    <ClCompile Include="util.cpp">
      <Filter>Source Files</Filter>
    </ClCompile>
    <ClCompile Include="weapons.cpp">
      <Filter>Source Files</Filter>
    </ClCompile>
    <ClCompile Include="world.cpp">
      <Filter>Source Files</Filter>
    </ClCompile>
    <ClCompile Include="..\pm_shared\pm_debug.c">
      <Filter>Source Files\pm</Filter>
    </ClCompile>
    <ClCompile Include="..\pm_shared\pm_math.c">
      <Filter>Source Files\pm</Filter>
    </ClCompile>
    <ClCompile Include="..\pm_shared\pm_shared.c">
      <Filter>Source Files\pm</Filter>
    </ClCompile>
    <ClCompile Include="demon.cpp">
      <Filter>Source Files\monsters</Filter>
    </ClCompile>
    <ClCompile Include="boss.cpp">
      <Filter>Source Files\monsters</Filter>
    </ClCompile>
    <ClCompile Include="dog.cpp">
      <Filter>Source Files\monsters</Filter>
    </ClCompile>
    <ClCompile Include="enforcer.cpp">
      <Filter>Source Files\monsters</Filter>
    </ClCompile>
    <ClCompile Include="fish.cpp">
      <Filter>Source Files\monsters</Filter>
    </ClCompile>
    <ClCompile Include="hellknight.cpp">
      <Filter>Source Files\monsters</Filter>
    </ClCompile>
    <ClCompile Include="zombie.cpp">
      <Filter>Source Files\monsters</Filter>
    </ClCompile>
    <ClCompile Include="wizard.cpp">
      <Filter>Source Files\monsters</Filter>
    </ClCompile>
    <ClCompile Include="tarbaby.cpp">
      <Filter>Source Files\monsters</Filter>
    </ClCompile>
    <ClCompile Include="soldier.cpp">
      <Filter>Source Files\monsters</Filter>
    </ClCompile>
    <ClCompile Include="shambler.cpp">
      <Filter>Source Files\monsters</Filter>
    </ClCompile>
    <ClCompile Include="shalrath.cpp">
      <Filter>Source Files\monsters</Filter>
    </ClCompile>
    <ClCompile Include="ogre.cpp">
      <Filter>Source Files\monsters</Filter>
    </ClCompile>
    <ClCompile Include="oldone.cpp">
      <Filter>Source Files\monsters</Filter>
    </ClCompile>
    <ClCompile Include="monsters.cpp">
      <Filter>Source Files\monsters</Filter>
    </ClCompile>
    <ClCompile Include="knight.cpp">
      <Filter>Source Files\monsters</Filter>
    </ClCompile>
    <ClCompile Include="gamerules.cpp">
      <Filter>Source Files\gamerules</Filter>
    </ClCompile>
    <ClCompile Include="game.cpp">
      <Filter>Source Files\gamerules</Filter>
    </ClCompile>
    <ClCompile Include="singleplay_gamerules.cpp">
      <Filter>Source Files\gamerules</Filter>
    </ClCompile>
    <ClCompile Include="wolf_soldier.cpp">
      <Filter>Source Files\wolf</Filter>
    </ClCompile>
    <ClCompile Include="wolf_dog.cpp">
      <Filter>Source Files\wolf</Filter>
    </ClCompile>
    <ClCompile Include="env_sprite.cpp">
      <Filter>Source Files\env</Filter>
    </ClCompile>
    <ClCompile Include="activitymap.cpp">
      <Filter>Source Files\monsters</Filter>
    </ClCompile>
    <ClCompile Include="..\common\alias_shared.cpp">
      <Filter>Source Files\monsters</Filter>
    </ClCompile>
  </ItemGroup>
  <ItemGroup>
    <ClInclude Include="cbase.h">
      <Filter>Header Files</Filter>
    </ClInclude>
    <ClInclude Include="client.h">
      <Filter>Header Files</Filter>
    </ClInclude>
    <ClInclude Include="decals.h">
      <Filter>Header Files</Filter>
    </ClInclude>
    <ClInclude Include="doors.h">
      <Filter>Header Files</Filter>
    </ClInclude>
    <ClInclude Include="ehandle.h">
      <Filter>Header Files</Filter>
    </ClInclude>
    <ClInclude Include="..\engine\eiface.h">
      <Filter>Header Files</Filter>
    </ClInclude>
    <ClInclude Include="enginecallback.h">
      <Filter>Header Files</Filter>
    </ClInclude>
    <ClInclude Include="extdll.h">
      <Filter>Header Files</Filter>
    </ClInclude>
    <ClInclude Include="gamerules.h">
      <Filter>Header Files</Filter>
    </ClInclude>
    <ClInclude Include="items.h">
      <Filter>Header Files</Filter>
    </ClInclude>
    <ClInclude Include="player.h">
      <Filter>Header Files</Filter>
    </ClInclude>
    <ClInclude Include="quakedef.h">
      <Filter>Header Files</Filter>
    </ClInclude>
    <ClInclude Include="saverestore.h">
      <Filter>Header Files</Filter>
    </ClInclude>
    <ClInclude Include="skill.h">
      <Filter>Header Files</Filter>
    </ClInclude>
    <ClInclude Include="util.h">
      <Filter>Header Files</Filter>
    </ClInclude>
    <ClInclude Include="vector.h">
      <Filter>Header Files</Filter>
    </ClInclude>
    <ClInclude Include="weapons.h">
      <Filter>Header Files</Filter>
    </ClInclude>
    <ClInclude Include="..\pm_shared\pm_debug.h">
      <Filter>Header Files\pm</Filter>
    </ClInclude>
    <ClInclude Include="..\pm_shared\pm_defs.h">
      <Filter>Header Files\pm</Filter>
    </ClInclude>
    <ClInclude Include="..\pm_shared\pm_info.h">
      <Filter>Header Files\pm</Filter>
    </ClInclude>
    <ClInclude Include="..\pm_shared\pm_movevars.h">
      <Filter>Header Files\pm</Filter>
    </ClInclude>
    <ClInclude Include="..\pm_shared\pm_shared.h">
      <Filter>Header Files\pm</Filter>
    </ClInclude>
    <ClInclude Include="env_sprite.h">
      <Filter>Header Files\env</Filter>
    </ClInclude>
    <ClInclude Include="..\common\alias_shared.h">
      <Filter>Header Files\monsters</Filter>
    </ClInclude>
    <ClInclude Include="monster.h">
      <Filter>Header Files\monsters</Filter>
    </ClInclude>
    <ClInclude Include="activity.h">
      <Filter>Header Files\monsters</Filter>
    </ClInclude>
  </ItemGroup>
</Project>